
Microsoft Visual Studio Solution File, Format Version 12.00
# Visual Studio Version 17
VisualStudioVersion = 17.7.34031.279
MinimumVisualStudioVersion = 10.0.40219.1
Project("{9A19103F-16F7-4668-BE54-9A1E7A4F7556}") = "lab01", "lab01\lab01.csproj", "{BA39D3AE-8DAA-4CCF-BB85-CDB0691D5D04}"
EndProject
Project("{9A19103F-16F7-4668-BE54-9A1E7A4F7556}") = "lab2", "lab2\lab2.csproj", "{71039761-6458-47CC-9299-F1A093CD5624}"
EndProject
Project("{FAE04EC0-301F-11D3-BF4B-00C04F79EFBC}") = "lab3", "lab3\lab3.csproj", "{67E3C98B-8A60-4C53-9C28-60A36E361CAA}"
EndProject
Global
	GlobalSection(SolutionConfigurationPlatforms) = preSolution
		Debug|Any CPU = Debug|Any CPU
		Release|Any CPU = Release|Any CPU
	EndGlobalSection
	GlobalSection(ProjectConfigurationPlatforms) = postSolution
		{BA39D3AE-8DAA-4CCF-BB85-CDB0691D5D04}.Debug|Any CPU.ActiveCfg = Debug|Any CPU
		{BA39D3AE-8DAA-4CCF-BB85-CDB0691D5D04}.Debug|Any CPU.Build.0 = Debug|Any CPU
		{BA39D3AE-8DAA-4CCF-BB85-CDB0691D5D04}.Release|Any CPU.ActiveCfg = Release|Any CPU
		{BA39D3AE-8DAA-4CCF-BB85-CDB0691D5D04}.Release|Any CPU.Build.0 = Release|Any CPU
		{71039761-6458-47CC-9299-F1A093CD5624}.Debug|Any CPU.ActiveCfg = Debug|Any CPU
		{71039761-6458-47CC-9299-F1A093CD5624}.Debug|Any CPU.Build.0 = Debug|Any CPU
		{71039761-6458-47CC-9299-F1A093CD5624}.Release|Any CPU.ActiveCfg = Release|Any CPU
		{71039761-6458-47CC-9299-F1A093CD5624}.Release|Any CPU.Build.0 = Release|Any CPU
		{67E3C98B-8A60-4C53-9C28-60A36E361CAA}.Debug|Any CPU.ActiveCfg = Debug|Any CPU
		{67E3C98B-8A60-4C53-9C28-60A36E361CAA}.Debug|Any CPU.Build.0 = Debug|Any CPU
		{67E3C98B-8A60-4C53-9C28-60A36E361CAA}.Release|Any CPU.ActiveCfg = Release|Any CPU
		{67E3C98B-8A60-4C53-9C28-60A36E361CAA}.Release|Any CPU.Build.0 = Release|Any CPU
	EndGlobalSection
	GlobalSection(SolutionProperties) = preSolution
		HideSolutionNode = FALSE
	EndGlobalSection
	GlobalSection(ExtensibilityGlobals) = postSolution
		SolutionGuid = {FFD4EFA4-ECAF-42C2-A675-CBE4638E3680}
	EndGlobalSection
EndGlobal
